
Microsoft Visual Studio Solution File, Format Version 12.00
# Visual Studio Version 16
VisualStudioVersion = 16.0.31624.102
MinimumVisualStudioVersion = 10.0.40219.1
Project("{FAE04EC0-301F-11D3-BF4B-00C04F79EFBC}") = "Quotient and Remainder", "Quotient and Remainder\Quotient and Remainder.csproj", "{2D337A01-A731-492B-B60A-7CF2CD239C71}"
EndProject
Global
	GlobalSection(SolutionConfigurationPlatforms) = preSolution
		Debug|Any CPU = Debug|Any CPU
		Release|Any CPU = Release|Any CPU
	EndGlobalSection
	GlobalSection(ProjectConfigurationPlatforms) = postSolution
		{2D337A01-A731-492B-B60A-7CF2CD239C71}.Debug|Any CPU.ActiveCfg = Debug|Any CPU
		{2D337A01-A731-492B-B60A-7CF2CD239C71}.Debug|Any CPU.Build.0 = Debug|Any CPU
		{2D337A01-A731-492B-B60A-7CF2CD239C71}.Release|Any CPU.ActiveCfg = Release|Any CPU
		{2D337A01-A731-492B-B60A-7CF2CD239C71}.Release|Any CPU.Build.0 = Release|Any CPU
	EndGlobalSection
	GlobalSection(SolutionProperties) = preSolution
		HideSolutionNode = FALSE
	EndGlobalSection
	GlobalSection(ExtensibilityGlobals) = postSolution
		SolutionGuid = {D004E0E2-8854-40F4-AFEF-796D29015EBE}
	EndGlobalSection
EndGlobal
