
Microsoft Visual Studio Solution File, Format Version 12.00
# Visual Studio Version 16
VisualStudioVersion = 16.0.31624.102
MinimumVisualStudioVersion = 10.0.40219.1
Project("{FAE04EC0-301F-11D3-BF4B-00C04F79EFBC}") = "leap_year_check", "leap_year_check\leap_year_check.csproj", "{B4FCEECD-332B-4544-8D89-DDC56DE09A16}"
EndProject
Global
	GlobalSection(SolutionConfigurationPlatforms) = preSolution
		Debug|Any CPU = Debug|Any CPU
		Release|Any CPU = Release|Any CPU
	EndGlobalSection
	GlobalSection(ProjectConfigurationPlatforms) = postSolution
		{B4FCEECD-332B-4544-8D89-DDC56DE09A16}.Debug|Any CPU.ActiveCfg = Debug|Any CPU
		{B4FCEECD-332B-4544-8D89-DDC56DE09A16}.Debug|Any CPU.Build.0 = Debug|Any CPU
		{B4FCEECD-332B-4544-8D89-DDC56DE09A16}.Release|Any CPU.ActiveCfg = Release|Any CPU
		{B4FCEECD-332B-4544-8D89-DDC56DE09A16}.Release|Any CPU.Build.0 = Release|Any CPU
	EndGlobalSection
	GlobalSection(SolutionProperties) = preSolution
		HideSolutionNode = FALSE
	EndGlobalSection
	GlobalSection(ExtensibilityGlobals) = postSolution
		SolutionGuid = {15856978-9DA4-4F24-B58B-391E949FA2AA}
	EndGlobalSection
EndGlobal
