
Microsoft Visual Studio Solution File, Format Version 12.00
# Visual Studio Version 16
VisualStudioVersion = 16.0.31624.102
MinimumVisualStudioVersion = 10.0.40219.1
Project("{FAE04EC0-301F-11D3-BF4B-00C04F79EFBC}") = "flip_coin", "flip_coin\flip_coin.csproj", "{ED381813-217A-4DA3-84AB-8DCFD4331EB7}"
EndProject
Global
	GlobalSection(SolutionConfigurationPlatforms) = preSolution
		Debug|Any CPU = Debug|Any CPU
		Release|Any CPU = Release|Any CPU
	EndGlobalSection
	GlobalSection(ProjectConfigurationPlatforms) = postSolution
		{ED381813-217A-4DA3-84AB-8DCFD4331EB7}.Debug|Any CPU.ActiveCfg = Debug|Any CPU
		{ED381813-217A-4DA3-84AB-8DCFD4331EB7}.Debug|Any CPU.Build.0 = Debug|Any CPU
		{ED381813-217A-4DA3-84AB-8DCFD4331EB7}.Release|Any CPU.ActiveCfg = Release|Any CPU
		{ED381813-217A-4DA3-84AB-8DCFD4331EB7}.Release|Any CPU.Build.0 = Release|Any CPU
	EndGlobalSection
	GlobalSection(SolutionProperties) = preSolution
		HideSolutionNode = FALSE
	EndGlobalSection
	GlobalSection(ExtensibilityGlobals) = postSolution
		SolutionGuid = {61422265-045F-4807-B775-3ADBA8D09F1A}
	EndGlobalSection
EndGlobal
