
Microsoft Visual Studio Solution File, Format Version 12.00
# Visual Studio Version 16
VisualStudioVersion = 16.0.31624.102
MinimumVisualStudioVersion = 10.0.40219.1
Project("{FAE04EC0-301F-11D3-BF4B-00C04F79EFBC}") = "Power of 2", "Power of 2\Power of 2.csproj", "{6FA1F1A2-4CCA-4CCC-9D32-D3E2A84888B6}"
EndProject
Global
	GlobalSection(SolutionConfigurationPlatforms) = preSolution
		Debug|Any CPU = Debug|Any CPU
		Release|Any CPU = Release|Any CPU
	EndGlobalSection
	GlobalSection(ProjectConfigurationPlatforms) = postSolution
		{6FA1F1A2-4CCA-4CCC-9D32-D3E2A84888B6}.Debug|Any CPU.ActiveCfg = Debug|Any CPU
		{6FA1F1A2-4CCA-4CCC-9D32-D3E2A84888B6}.Debug|Any CPU.Build.0 = Debug|Any CPU
		{6FA1F1A2-4CCA-4CCC-9D32-D3E2A84888B6}.Release|Any CPU.ActiveCfg = Release|Any CPU
		{6FA1F1A2-4CCA-4CCC-9D32-D3E2A84888B6}.Release|Any CPU.Build.0 = Release|Any CPU
	EndGlobalSection
	GlobalSection(SolutionProperties) = preSolution
		HideSolutionNode = FALSE
	EndGlobalSection
	GlobalSection(ExtensibilityGlobals) = postSolution
		SolutionGuid = {05DE8D75-CFBA-41C1-8720-466C785B6851}
	EndGlobalSection
EndGlobal
